<Solution>
  <Project Path="MOSapp/MOSapp.csproj" Id="db7f1d38-c509-4890-a692-e31c79ca4aa8" />
  <Project Path="mos_xaml_app/MOSExcelMogiApp.csproj" Id="c01302e0-98c1-4f0d-93bd-385ba3bc400a" />
  <Project Path="MOS Word app/MOS Word app.csproj" Id="c836276e-4827-416d-a9f0-13780515296f" />
  <Project Path="MOS Word app/Libraries/WordChecker/Group1/WordChecker1_1.csproj" Id="a1b2c3d4-e5f6-7890-abcd-ef1234567891" />
  <Project Path="MOS Word app/Libraries/WordChecker/Group1/WordChecker1_2.csproj" Id="a1b2c3d4-e5f6-7890-abcd-ef1234567892" />
  <Project Path="MOS Word app/Libraries/WordChecker/Group1/WordChecker1_3.csproj" Id="a1b2c3d4-e5f6-7893-abcd-ef1234567893" />
  <Project Path="MOS Word app/Libraries/WordChecker/Group1/WordChecker1_4.csproj" Id="a1b2c3d4-e5f6-7894-abcd-ef1234567894" />
  <Project Path="MOS Word app/Libraries/WordChecker/Group1/WordChecker1_5.csproj" Id="a1b2c3d4-e5f6-7895-abcd-ef1234567895" />
  <Project Path="MOS Word app/Libraries/WordChecker/Group1/WordChecker1_6.csproj" Id="a1b2c3d4-e5f6-7896-abcd-ef1234567896" />
  <Project Path="MOS Word app/Libraries/WordChecker/Group1/WordChecker1_7.csproj" Id="a1b2c3d4-e5f6-7897-abcd-ef1234567897" />
  <Project Path="MOS Word app/Libraries/WordChecker/Group1/WordChecker1_8.csproj" Id="a1b2c3d4-e5f6-7898-abcd-ef1234567898" />
  <Project Path="MOS Word app/Libraries/WordChecker/Group1/WordChecker1_9.csproj" Id="a1b2c3d4-e5f6-7899-abcd-ef1234567899" />
  <Project Path="MOS Word app/Libraries/WordChecker/Group1/WordChecker1_10.csproj" Id="55452bc6-0080-149c-0625-bed9eb0b2900" />
  <Project Path="Mos PowerPoint Mogi App/MOS PowerPoint app.csproj" Id="4f05fafa-71ad-413c-9043-25e55e2fa083" />
</Solution>
