Microsoft Visual Studio Solution File, Format Version 12.00
# Visual Studio Version 18
VisualStudioVersion = 18.4.11620.152 stable
MinimumVisualStudioVersion = 10.0.40219.1
Project("{FAE04EC0-301F-11D3-BF4B-00C04F79EFBC}") = "MOSExcelMogiApp", "MOSExcelMogiApp.csproj", "{C01302E0-98C1-4F0D-93BD-385BA3BC400A}"
EndProject
Project("{FAE04EC0-301F-11D3-BF4B-00C04F79EFBC}") = "ExcelAddIn1", "ExcelAddIn1\ExcelAddIn1.csproj", "{6A7617F7-8A21-464D-9EE8-7964AFA06EF3}"
EndProject
Project("{2150E333-8FDC-42A3-9474-1A3956D46DE8}") = "Libraries", "Libraries", "{F2E35B3E-9711-EDEC-6202-DB40BDEED14A}"
EndProject
Project("{2150E333-8FDC-42A3-9474-1A3956D46DE8}") = "Group2", "Group2", "{0F783D21-303E-EED1-4325-5D6C8A49D05D}"
EndProject
Project("{FAE04EC0-301F-11D3-BF4B-00C04F79EFBC}") = "ExcelChecker2_1", "Libraries\Group2\ExcelChecker2_1.csproj", "{A1B2C3D4-E5F6-7890-ABCD-EF1234567891}"
EndProject
Project("{FAE04EC0-301F-11D3-BF4B-00C04F79EFBC}") = "ExcelChecker2_2", "Libraries\Group2\ExcelChecker2_2.csproj", "{795EFC67-0157-42E3-8833-4908ED6F3FF7}"
EndProject
Global
	GlobalSection(SolutionConfigurationPlatforms) = preSolution
		Debug|Any CPU = Debug|Any CPU
		Debug|x64 = Debug|x64
		Debug|x86 = Debug|x86
		Release|Any CPU = Release|Any CPU
		Release|x64 = Release|x64
		Release|x86 = Release|x86
	EndGlobalSection
	GlobalSection(ProjectConfigurationPlatforms) = postSolution
		{C01302E0-98C1-4F0D-93BD-385BA3BC400A}.Debug|Any CPU.ActiveCfg = Debug|Any CPU
		{C01302E0-98C1-4F0D-93BD-385BA3BC400A}.Debug|Any CPU.Build.0 = Debug|Any CPU
		{C01302E0-98C1-4F0D-93BD-385BA3BC400A}.Debug|x64.ActiveCfg = Debug|Any CPU
		{C01302E0-98C1-4F0D-93BD-385BA3BC400A}.Debug|x64.Build.0 = Debug|Any CPU
		{C01302E0-98C1-4F0D-93BD-385BA3BC400A}.Debug|x86.ActiveCfg = Debug|Any CPU
		{C01302E0-98C1-4F0D-93BD-385BA3BC400A}.Debug|x86.Build.0 = Debug|Any CPU
		{C01302E0-98C1-4F0D-93BD-385BA3BC400A}.Release|Any CPU.ActiveCfg = Release|Any CPU
		{C01302E0-98C1-4F0D-93BD-385BA3BC400A}.Release|Any CPU.Build.0 = Release|Any CPU
		{C01302E0-98C1-4F0D-93BD-385BA3BC400A}.Release|x64.ActiveCfg = Release|Any CPU
		{C01302E0-98C1-4F0D-93BD-385BA3BC400A}.Release|x64.Build.0 = Release|Any CPU
		{C01302E0-98C1-4F0D-93BD-385BA3BC400A}.Release|x86.ActiveCfg = Release|Any CPU
		{C01302E0-98C1-4F0D-93BD-385BA3BC400A}.Release|x86.Build.0 = Release|Any CPU
		{6A7617F7-8A21-464D-9EE8-7964AFA06EF3}.Debug|Any CPU.ActiveCfg = Debug|Any CPU
		{6A7617F7-8A21-464D-9EE8-7964AFA06EF3}.Debug|Any CPU.Build.0 = Debug|Any CPU
		{6A7617F7-8A21-464D-9EE8-7964AFA06EF3}.Debug|x64.ActiveCfg = Debug|Any CPU
		{6A7617F7-8A21-464D-9EE8-7964AFA06EF3}.Debug|x64.Build.0 = Debug|Any CPU
		{6A7617F7-8A21-464D-9EE8-7964AFA06EF3}.Debug|x86.ActiveCfg = Debug|Any CPU
		{6A7617F7-8A21-464D-9EE8-7964AFA06EF3}.Debug|x86.Build.0 = Debug|Any CPU
		{6A7617F7-8A21-464D-9EE8-7964AFA06EF3}.Release|Any CPU.ActiveCfg = Release|Any CPU
		{6A7617F7-8A21-464D-9EE8-7964AFA06EF3}.Release|Any CPU.Build.0 = Release|Any CPU
		{6A7617F7-8A21-464D-9EE8-7964AFA06EF3}.Release|x64.ActiveCfg = Release|Any CPU
		{6A7617F7-8A21-464D-9EE8-7964AFA06EF3}.Release|x64.Build.0 = Release|Any CPU
		{6A7617F7-8A21-464D-9EE8-7964AFA06EF3}.Release|x86.ActiveCfg = Release|Any CPU
		{6A7617F7-8A21-464D-9EE8-7964AFA06EF3}.Release|x86.Build.0 = Release|Any CPU
		{A1B2C3D4-E5F6-7890-ABCD-EF1234567891}.Debug|Any CPU.ActiveCfg = Debug|x64
		{A1B2C3D4-E5F6-7890-ABCD-EF1234567891}.Debug|Any CPU.Build.0 = Debug|x64
		{A1B2C3D4-E5F6-7890-ABCD-EF1234567891}.Debug|x64.ActiveCfg = Debug|x64
		{A1B2C3D4-E5F6-7890-ABCD-EF1234567891}.Debug|x64.Build.0 = Debug|x64
		{A1B2C3D4-E5F6-7890-ABCD-EF1234567891}.Debug|x86.ActiveCfg = Debug|x64
		{A1B2C3D4-E5F6-7890-ABCD-EF1234567891}.Debug|x86.Build.0 = Debug|x64
		{A1B2C3D4-E5F6-7890-ABCD-EF1234567891}.Release|Any CPU.ActiveCfg = Release|x64
		{A1B2C3D4-E5F6-7890-ABCD-EF1234567891}.Release|Any CPU.Build.0 = Release|x64
		{A1B2C3D4-E5F6-7890-ABCD-EF1234567891}.Release|x64.ActiveCfg = Release|x64
		{A1B2C3D4-E5F6-7890-ABCD-EF1234567891}.Release|x64.Build.0 = Release|x64
		{A1B2C3D4-E5F6-7890-ABCD-EF1234567891}.Release|x86.ActiveCfg = Release|x64
		{A1B2C3D4-E5F6-7890-ABCD-EF1234567891}.Release|x86.Build.0 = Release|x64
		{795EFC67-0157-42E3-8833-4908ED6F3FF7}.Debug|Any CPU.ActiveCfg = Debug|x64
		{795EFC67-0157-42E3-8833-4908ED6F3FF7}.Debug|Any CPU.Build.0 = Debug|x64
		{795EFC67-0157-42E3-8833-4908ED6F3FF7}.Debug|x64.ActiveCfg = Debug|x64
		{795EFC67-0157-42E3-8833-4908ED6F3FF7}.Debug|x64.Build.0 = Debug|x64
		{795EFC67-0157-42E3-8833-4908ED6F3FF7}.Debug|x86.ActiveCfg = Debug|x64
		{795EFC67-0157-42E3-8833-4908ED6F3FF7}.Debug|x86.Build.0 = Debug|x64
		{795EFC67-0157-42E3-8833-4908ED6F3FF7}.Release|Any CPU.ActiveCfg = Release|x64
		{795EFC67-0157-42E3-8833-4908ED6F3FF7}.Release|Any CPU.Build.0 = Release|x64
		{795EFC67-0157-42E3-8833-4908ED6F3FF7}.Release|x64.ActiveCfg = Release|x64
		{795EFC67-0157-42E3-8833-4908ED6F3FF7}.Release|x64.Build.0 = Release|x64
		{795EFC67-0157-42E3-8833-4908ED6F3FF7}.Release|x86.ActiveCfg = Release|x64
		{795EFC67-0157-42E3-8833-4908ED6F3FF7}.Release|x86.Build.0 = Release|x64
	EndGlobalSection
	GlobalSection(SolutionProperties) = preSolution
		HideSolutionNode = FALSE
	EndGlobalSection
	GlobalSection(NestedProjects) = preSolution
		{0F783D21-303E-EED1-4325-5D6C8A49D05D} = {F2E35B3E-9711-EDEC-6202-DB40BDEED14A}
		{A1B2C3D4-E5F6-7890-ABCD-EF1234567891} = {0F783D21-303E-EED1-4325-5D6C8A49D05D}
		{795EFC67-0157-42E3-8833-4908ED6F3FF7} = {0F783D21-303E-EED1-4325-5D6C8A49D05D}
	EndGlobalSection
	GlobalSection(ExtensibilityGlobals) = postSolution
		SolutionGuid = {4B6E2AAE-660C-4118-9472-E723AEF21AD3}
	EndGlobalSection
EndGlobal
